
Microsoft Visual Studio Solution File, Format Version 12.00
# Visual Studio Version 17
VisualStudioVersion = 17.4.33205.214
MinimumVisualStudioVersion = 10.0.40219.1
Project("{FAE04EC0-301F-11D3-BF4B-00C04F79EFBC}") = "OnlineEventsManagementSystemMVC", "OnlineEventsManagementSystemMVC.csproj", "{9795904A-D597-4CEA-AD15-50ADFFE38900}"
EndProject
Global
	GlobalSection(SolutionConfigurationPlatforms) = preSolution
		Debug|Any CPU = Debug|Any CPU
		Release|Any CPU = Release|Any CPU
	EndGlobalSection
	GlobalSection(ProjectConfigurationPlatforms) = postSolution
		{9795904A-D597-4CEA-AD15-50ADFFE38900}.Debug|Any CPU.ActiveCfg = Debug|Any CPU
		{9795904A-D597-4CEA-AD15-50ADFFE38900}.Debug|Any CPU.Build.0 = Debug|Any CPU
		{9795904A-D597-4CEA-AD15-50ADFFE38900}.Release|Any CPU.ActiveCfg = Release|Any CPU
		{9795904A-D597-4CEA-AD15-50ADFFE38900}.Release|Any CPU.Build.0 = Release|Any CPU
	EndGlobalSection
	GlobalSection(SolutionProperties) = preSolution
		HideSolutionNode = FALSE
	EndGlobalSection
	GlobalSection(ExtensibilityGlobals) = postSolution
		SolutionGuid = {CFF18A45-3BA7-4511-AB41-4B16BC40DCE2}
	EndGlobalSection
EndGlobal
